
Microsoft Visual Studio Solution File, Format Version 12.00
# Visual Studio Version 17
VisualStudioVersion = 17.5.002.0
MinimumVisualStudioVersion = 10.0.40219.1
Project("{9A19103F-16F7-4668-BE54-9A1E7A4F7556}") = "GreaterGradesBackend.Api", "GreaterGradesBackend.Api\GreaterGradesBackend.Api.csproj", "{C32C724E-055E-420B-B2AF-851DE7638275}"
EndProject
Project("{9A19103F-16F7-4668-BE54-9A1E7A4F7556}") = "GreaterGradesBackend.Common", "GreaterGradesBackend.Common\GreaterGradesBackend.Common.csproj", "{11AFBBD8-51FA-4C1D-A592-F0796FE1B239}"
EndProject
Project("{9A19103F-16F7-4668-BE54-9A1E7A4F7556}") = "GreaterGradesBackend.Domain", "GreaterGradesBackend.Domain\GreaterGradesBackend.Domain.csproj", "{D173C97F-D8AE-486E-8341-9E912E0FC930}"
EndProject
Project("{9A19103F-16F7-4668-BE54-9A1E7A4F7556}") = "GreaterGradesBackend.Infrastructure", "GreaterGradesBackend.Infrastructure\GreaterGradesBackend.Infrastructure.csproj", "{E4A0F077-0C3C-4CA3-9967-254FF54869F4}"
EndProject
Project("{9A19103F-16F7-4668-BE54-9A1E7A4F7556}") = "GreaterGradesBackend.Tests", "GreaterGradesBackend.Tests\GreaterGradesBackend.Tests.csproj", "{665A9071-3ABF-462C-AC51-9A624FD2A7EA}"
EndProject
Global
	GlobalSection(SolutionConfigurationPlatforms) = preSolution
		Debug|Any CPU = Debug|Any CPU
		Release|Any CPU = Release|Any CPU
	EndGlobalSection
	GlobalSection(ProjectConfigurationPlatforms) = postSolution
		{C32C724E-055E-420B-B2AF-851DE7638275}.Debug|Any CPU.ActiveCfg = Debug|Any CPU
		{C32C724E-055E-420B-B2AF-851DE7638275}.Debug|Any CPU.Build.0 = Debug|Any CPU
		{C32C724E-055E-420B-B2AF-851DE7638275}.Release|Any CPU.ActiveCfg = Release|Any CPU
		{C32C724E-055E-420B-B2AF-851DE7638275}.Release|Any CPU.Build.0 = Release|Any CPU
		{11AFBBD8-51FA-4C1D-A592-F0796FE1B239}.Debug|Any CPU.ActiveCfg = Debug|Any CPU
		{11AFBBD8-51FA-4C1D-A592-F0796FE1B239}.Debug|Any CPU.Build.0 = Debug|Any CPU
		{11AFBBD8-51FA-4C1D-A592-F0796FE1B239}.Release|Any CPU.ActiveCfg = Release|Any CPU
		{11AFBBD8-51FA-4C1D-A592-F0796FE1B239}.Release|Any CPU.Build.0 = Release|Any CPU
		{D173C97F-D8AE-486E-8341-9E912E0FC930}.Debug|Any CPU.ActiveCfg = Debug|Any CPU
		{D173C97F-D8AE-486E-8341-9E912E0FC930}.Debug|Any CPU.Build.0 = Debug|Any CPU
		{D173C97F-D8AE-486E-8341-9E912E0FC930}.Release|Any CPU.ActiveCfg = Release|Any CPU
		{D173C97F-D8AE-486E-8341-9E912E0FC930}.Release|Any CPU.Build.0 = Release|Any CPU
		{E4A0F077-0C3C-4CA3-9967-254FF54869F4}.Debug|Any CPU.ActiveCfg = Debug|Any CPU
		{E4A0F077-0C3C-4CA3-9967-254FF54869F4}.Debug|Any CPU.Build.0 = Debug|Any CPU
		{E4A0F077-0C3C-4CA3-9967-254FF54869F4}.Release|Any CPU.ActiveCfg = Release|Any CPU
		{E4A0F077-0C3C-4CA3-9967-254FF54869F4}.Release|Any CPU.Build.0 = Release|Any CPU
		{665A9071-3ABF-462C-AC51-9A624FD2A7EA}.Debug|Any CPU.ActiveCfg = Debug|Any CPU
		{665A9071-3ABF-462C-AC51-9A624FD2A7EA}.Debug|Any CPU.Build.0 = Debug|Any CPU
		{665A9071-3ABF-462C-AC51-9A624FD2A7EA}.Release|Any CPU.ActiveCfg = Release|Any CPU
		{665A9071-3ABF-462C-AC51-9A624FD2A7EA}.Release|Any CPU.Build.0 = Release|Any CPU
	EndGlobalSection
	GlobalSection(SolutionProperties) = preSolution
		HideSolutionNode = FALSE
	EndGlobalSection
	GlobalSection(ExtensibilityGlobals) = postSolution
		SolutionGuid = {F8A934BE-4A56-4E4C-B266-4EA0C9696D4E}
	EndGlobalSection
EndGlobal
